{
  "name": "rag-offline-chatbot",
  "lockfileVersion": 3,
  "requires": true,
  "packages": {
    "": {
      "devDependencies": {
        "baseline-browser-mapping": "^2.9.16"
      }
    },
    "node_modules/baseline-browser-mapping": {
      "version": "2.9.16",
      "resolved": "https://registry.npmjs.org/baseline-browser-mapping/-/baseline-browser-mapping-2.9.16.tgz",
      "integrity": "sha512-KeUZdBuxngy825i8xvzaK1Ncnkx0tBmb3k8DkEuqjKRkmtvNTjey2ZsNeh8Dw4lfKvbCOu9oeNx2TKm2vHqcRw==",
      "dev": true,
      "bin": {
        "baseline-browser-mapping": "dist/cli.js"
      }
    }
  }
}
